<?xml version="1.0" encoding="utf-8"?>
<Project ToolsVersion="4.0" xmlns="http://schemas.microsoft.com/developer/msbuild/2003">
  <ItemGroup>
    <ClCompile Include="src\ofApp.cpp">
      <Filter>src</Filter>
    </ClCompile>
    <ClCompile Include="src\main.cpp">
      <Filter>src</Filter>
    </ClCompile>
    <ClCompile Include="src\ContourAnimator.cpp">
      <Filter>src</Filter>
    </ClCompile>
    <ClCompile Include="src\ContourManager.cpp">
      <Filter>src</Filter>
    </ClCompile>
    <ClCompile Include="src\main.cpp">
      <Filter>src</Filter>
    </ClCompile>
    <ClCompile Include="src\ofApp.cpp">
      <Filter>src</Filter>
    </ClCompile>
    <ClCompile Include="..\..\..\addons\ofxGui\src\ofxBaseGui.cpp">
      <Filter>addons\ofxGui\src</Filter>
    </ClCompile>
    <ClCompile Include="..\..\..\addons\ofxGui\src\ofxButton.cpp">
      <Filter>addons\ofxGui\src</Filter>
    </ClCompile>
    <ClCompile Include="..\..\..\addons\ofxGui\src\ofxGuiGroup.cpp">
      <Filter>addons\ofxGui\src</Filter>
    </ClCompile>
    <ClCompile Include="..\..\..\addons\ofxGui\src\ofxLabel.cpp">
      <Filter>addons\ofxGui\src</Filter>
    </ClCompile>
    <ClCompile Include="..\..\..\addons\ofxGui\src\ofxPanel.cpp">
      <Filter>addons\ofxGui\src</Filter>
    </ClCompile>
    <ClCompile Include="..\..\..\addons\ofxGui\src\ofxSlider.cpp">
      <Filter>addons\ofxGui\src</Filter>
    </ClCompile>
    <ClCompile Include="..\..\..\addons\ofxGui\src\ofxSliderGroup.cpp">
      <Filter>addons\ofxGui\src</Filter>
    </ClCompile>
    <ClCompile Include="..\..\..\addons\ofxGui\src\ofxToggle.cpp">
      <Filter>addons\ofxGui\src</Filter>
    </ClCompile>
    <ClCompile Include="..\..\..\addons\ofxOpenCv\src\ofxCvColorImage.cpp">
      <Filter>addons\ofxOpenCv\src</Filter>
    </ClCompile>
    <ClCompile Include="..\..\..\addons\ofxOpenCv\src\ofxCvContourFinder.cpp">
      <Filter>addons\ofxOpenCv\src</Filter>
    </ClCompile>
    <ClCompile Include="..\..\..\addons\ofxOpenCv\src\ofxCvFloatImage.cpp">
      <Filter>addons\ofxOpenCv\src</Filter>
    </ClCompile>
    <ClCompile Include="..\..\..\addons\ofxOpenCv\src\ofxCvGrayscaleImage.cpp">
      <Filter>addons\ofxOpenCv\src</Filter>
    </ClCompile>
    <ClCompile Include="..\..\..\addons\ofxOpenCv\src\ofxCvHaarFinder.cpp">
      <Filter>addons\ofxOpenCv\src</Filter>
    </ClCompile>
    <ClCompile Include="..\..\..\addons\ofxOpenCv\src\ofxCvImage.cpp">
      <Filter>addons\ofxOpenCv\src</Filter>
    </ClCompile>
    <ClCompile Include="..\..\..\addons\ofxOpenCv\src\ofxCvShortImage.cpp">
      <Filter>addons\ofxOpenCv\src</Filter>
    </ClCompile>
    <ClCompile Include="..\..\..\addons\ofxXmlSettings\src\ofxXmlSettings.cpp">
      <Filter>addons\ofxXmlSettings\src</Filter>
    </ClCompile>
    <ClCompile Include="..\..\..\addons\ofxXmlSettings\libs\tinyxml.cpp">
      <Filter>addons\ofxXmlSettings\libs</Filter>
    </ClCompile>
    <ClCompile Include="..\..\..\addons\ofxXmlSettings\libs\tinyxmlerror.cpp">
      <Filter>addons\ofxXmlSettings\libs</Filter>
    </ClCompile>
    <ClCompile Include="..\..\..\addons\ofxXmlSettings\libs\tinyxmlparser.cpp">
      <Filter>addons\ofxXmlSettings\libs</Filter>
    </ClCompile>
    <ClCompile Include="..\..\..\addons\ofxBlobTracker\src\ofxBlobTracker.cpp">
      <Filter>addons\ofxBlobTracker\src</Filter>
    </ClCompile>
    <ClCompile Include="..\..\..\addons\ofxBlobTracker\src\ofxContourFinder.cpp">
      <Filter>addons\ofxBlobTracker\src</Filter>
    </ClCompile>
    <ClCompile Include="src\ShaderMask.cpp">
      <Filter>src</Filter>
    </ClCompile>
    <ClCompile Include="src\cloth\ofxKCloth.cpp">
      <Filter>src\cloth</Filter>
    </ClCompile>
    <ClCompile Include="src\cloth\ofxKMesh.cpp">
      <Filter>src\cloth</Filter>
    </ClCompile>
    <ClCompile Include="..\..\..\addons\ofxFilterLibrary\src\filters\Abstract3x3ConvolutionFilter.cpp">
      <Filter>addons\ofxFilter</Filter>
    </ClCompile>
    <ClCompile Include="..\..\..\addons\ofxFilterLibrary\src\filters\Abstract3x3PingPongFilter.cpp">
      <Filter>addons\ofxFilter</Filter>
    </ClCompile>
    <ClCompile Include="..\..\..\addons\ofxFilterLibrary\src\filters\Abstract3x3TextureSamplingFilter.cpp">
      <Filter>addons\ofxFilter</Filter>
    </ClCompile>
    <ClCompile Include="..\..\..\addons\ofxFilterLibrary\src\filters\AbstractDoGFilter.cpp">
      <Filter>addons\ofxFilter</Filter>
    </ClCompile>
    <ClCompile Include="..\..\..\addons\ofxFilterLibrary\src\filters\AbstractFilter.cpp">
      <Filter>addons\ofxFilter</Filter>
    </ClCompile>
    <ClCompile Include="..\..\..\addons\ofxFilterLibrary\src\filters\AbstractPingPongRenderer.cpp">
      <Filter>addons\ofxFilter</Filter>
    </ClCompile>
    <ClCompile Include="..\..\..\addons\ofxFilterLibrary\src\filters\AbstractTwoInputCrossTextureSamplingFilter.cpp">
      <Filter>addons\ofxFilter</Filter>
    </ClCompile>
    <ClCompile Include="..\..\..\addons\ofxFilterLibrary\src\filters\AbstractTwoInputFilter.cpp">
      <Filter>addons\ofxFilter</Filter>
    </ClCompile>
    <ClCompile Include="..\..\..\addons\ofxFilterLibrary\src\filters\AdditiveBlendFilter.cpp">
      <Filter>addons\ofxFilter</Filter>
    </ClCompile>
    <ClCompile Include="..\..\..\addons\ofxFilterLibrary\src\filters\AlphaBlendFilter.cpp">
      <Filter>addons\ofxFilter</Filter>
    </ClCompile>
    <ClCompile Include="..\..\..\addons\ofxFilterLibrary\src\filters\AverageColorFilter.cpp">
      <Filter>addons\ofxFilter</Filter>
    </ClCompile>
    <ClCompile Include="..\..\..\addons\ofxFilterLibrary\src\filters\BilateralFilter.cpp">
      <Filter>addons\ofxFilter</Filter>
    </ClCompile>
    <ClCompile Include="..\..\..\addons\ofxFilterLibrary\src\filters\BrightnessFilter.cpp">
      <Filter>addons\ofxFilter</Filter>
    </ClCompile>
    <ClCompile Include="..\..\..\addons\ofxFilterLibrary\src\filters\CGAColorspaceFilter.cpp">
      <Filter>addons\ofxFilter</Filter>
    </ClCompile>
    <ClCompile Include="..\..\..\addons\ofxFilterLibrary\src\filters\ColorBlendFilter.cpp">
      <Filter>addons\ofxFilter</Filter>
    </ClCompile>
    <ClCompile Include="..\..\..\addons\ofxFilterLibrary\src\filters\ColorBurnFilter.cpp">
      <Filter>addons\ofxFilter</Filter>
    </ClCompile>
    <ClCompile Include="..\..\..\addons\ofxFilterLibrary\src\filters\ColorMatrixFilter.cpp">
      <Filter>addons\ofxFilter</Filter>
    </ClCompile>
    <ClCompile Include="..\..\..\addons\ofxFilterLibrary\src\filters\ColorPackingFilter.cpp">
      <Filter>addons\ofxFilter</Filter>
    </ClCompile>
    <ClCompile Include="..\..\..\addons\ofxFilterLibrary\src\filters\ColorReplacementFilter.cpp">
      <Filter>addons\ofxFilter</Filter>
    </ClCompile>
    <ClCompile Include="..\..\..\addons\ofxFilterLibrary\src\filters\ContrastFilter.cpp">
      <Filter>addons\ofxFilter</Filter>
    </ClCompile>
    <ClCompile Include="..\..\..\addons\ofxFilterLibrary\src\filters\CornerDetectionFilter.cpp">
      <Filter>addons\ofxFilter</Filter>
    </ClCompile>
    <ClCompile Include="..\..\..\addons\ofxFilterLibrary\src\filters\CrosshatchFilter.cpp">
      <Filter>addons\ofxFilter</Filter>
    </ClCompile>
    <ClCompile Include="..\..\..\addons\ofxFilterLibrary\src\filters\DarkenBlendFilter.cpp">
      <Filter>addons\ofxFilter</Filter>
    </ClCompile>
    <ClCompile Include="..\..\..\addons\ofxFilterLibrary\src\filters\DilationFilter.cpp">
      <Filter>addons\ofxFilter</Filter>
    </ClCompile>
    <ClCompile Include="..\..\..\addons\ofxFilterLibrary\src\filters\DirectionalDoGFilter.cpp">
      <Filter>addons\ofxFilter</Filter>
    </ClCompile>
    <ClCompile Include="..\..\..\addons\ofxFilterLibrary\src\filters\DisplacementFilter.cpp">
      <Filter>addons\ofxFilter</Filter>
    </ClCompile>
    <ClCompile Include="..\..\..\addons\ofxFilterLibrary\src\filters\DissolveBlendFilter.cpp">
      <Filter>addons\ofxFilter</Filter>
    </ClCompile>
    <ClCompile Include="..\..\..\addons\ofxFilterLibrary\src\filters\DoGFilter.cpp">
      <Filter>addons\ofxFilter</Filter>
    </ClCompile>
    <ClCompile Include="..\..\..\addons\ofxFilterLibrary\src\filters\EdgeTangentFilter.cpp">
      <Filter>addons\ofxFilter</Filter>
    </ClCompile>
    <ClCompile Include="..\..\..\addons\ofxFilterLibrary\src\filters\EdgeTangentSmoothingFilter.cpp">
      <Filter>addons\ofxFilter</Filter>
    </ClCompile>
    <ClCompile Include="..\..\..\addons\ofxFilterLibrary\src\filters\EmbossFilter.cpp">
      <Filter>addons\ofxFilter</Filter>
    </ClCompile>
    <ClCompile Include="..\..\..\addons\ofxFilterLibrary\src\filters\ErosionFilter.cpp">
      <Filter>addons\ofxFilter</Filter>
    </ClCompile>
    <ClCompile Include="..\..\..\addons\ofxFilterLibrary\src\filters\ExclusionBlendFilter.cpp">
      <Filter>addons\ofxFilter</Filter>
    </ClCompile>
    <ClCompile Include="..\..\..\addons\ofxFilterLibrary\src\filters\FilterChain.cpp">
      <Filter>addons\ofxFilter</Filter>
    </ClCompile>
    <ClCompile Include="..\..\..\addons\ofxFilterLibrary\src\filters\FlowDoGFilter.cpp">
      <Filter>addons\ofxFilter</Filter>
    </ClCompile>
    <ClCompile Include="..\..\..\addons\ofxFilterLibrary\src\filters\GammaFilter.cpp">
      <Filter>addons\ofxFilter</Filter>
    </ClCompile>
    <ClCompile Include="..\..\..\addons\ofxFilterLibrary\src\filters\GaussianBlurFilter.cpp">
      <Filter>addons\ofxFilter</Filter>
    </ClCompile>
    <ClCompile Include="..\..\..\addons\ofxFilterLibrary\src\filters\GradientMapFilter.cpp">
      <Filter>addons\ofxFilter</Filter>
    </ClCompile>
    <ClCompile Include="..\..\..\addons\ofxFilterLibrary\src\filters\GrayscaleFilter.cpp">
      <Filter>addons\ofxFilter</Filter>
    </ClCompile>
    <ClCompile Include="..\..\..\addons\ofxFilterLibrary\src\filters\HalftoneFilter.cpp">
      <Filter>addons\ofxFilter</Filter>
    </ClCompile>
    <ClCompile Include="..\..\..\addons\ofxFilterLibrary\src\filters\HarrisCornerDetectionFilter.cpp">
      <Filter>addons\ofxFilter</Filter>
    </ClCompile>
    <ClCompile Include="..\..\..\addons\ofxFilterLibrary\src\filters\HueFilter.cpp">
      <Filter>addons\ofxFilter</Filter>
    </ClCompile>
    <ClCompile Include="..\..\..\addons\ofxFilterLibrary\src\filters\KuwaharaFilter.cpp">
      <Filter>addons\ofxFilter</Filter>
    </ClCompile>
    <ClCompile Include="..\..\..\addons\ofxFilterLibrary\src\filters\LaplacianFilter.cpp">
      <Filter>addons\ofxFilter</Filter>
    </ClCompile>
    <ClCompile Include="..\..\..\addons\ofxFilterLibrary\src\filters\LookupFilter.cpp">
      <Filter>addons\ofxFilter</Filter>
    </ClCompile>
    <ClCompile Include="..\..\..\addons\ofxFilterLibrary\src\filters\LowPassFilter.cpp">
      <Filter>addons\ofxFilter</Filter>
    </ClCompile>
    <ClCompile Include="..\..\..\addons\ofxFilterLibrary\src\filters\MotionDetectionFilter.cpp">
      <Filter>addons\ofxFilter</Filter>
    </ClCompile>
    <ClCompile Include="..\..\..\addons\ofxFilterLibrary\src\filters\MultiplyBlendFilter.cpp">
      <Filter>addons\ofxFilter</Filter>
    </ClCompile>
    <ClCompile Include="..\..\..\addons\ofxFilterLibrary\src\filters\NormalBlendFilter.cpp">
      <Filter>addons\ofxFilter</Filter>
    </ClCompile>
    <ClCompile Include="..\..\..\addons\ofxFilterLibrary\src\filters\PerlinNoiseFilter.cpp">
      <Filter>addons\ofxFilter</Filter>
    </ClCompile>
    <ClCompile Include="..\..\..\addons\ofxFilterLibrary\src\filters\PerlinPixellationFilter.cpp">
      <Filter>addons\ofxFilter</Filter>
    </ClCompile>
    <ClCompile Include="..\..\..\addons\ofxFilterLibrary\src\filters\PixelateFilter.cpp">
      <Filter>addons\ofxFilter</Filter>
    </ClCompile>
    <ClCompile Include="..\..\..\addons\ofxFilterLibrary\src\filters\PoissonBlendFilter.cpp">
      <Filter>addons\ofxFilter</Filter>
    </ClCompile>
    <ClCompile Include="..\..\..\addons\ofxFilterLibrary\src\filters\PosterizeFilter.cpp">
      <Filter>addons\ofxFilter</Filter>
    </ClCompile>
    <ClCompile Include="..\..\..\addons\ofxFilterLibrary\src\filters\SaturationFilter.cpp">
      <Filter>addons\ofxFilter</Filter>
    </ClCompile>
    <ClCompile Include="..\..\..\addons\ofxFilterLibrary\src\filters\SketchFilter.cpp">
      <Filter>addons\ofxFilter</Filter>
    </ClCompile>
    <ClCompile Include="..\..\..\addons\ofxFilterLibrary\src\filters\SmoothToonFilter.cpp">
      <Filter>addons\ofxFilter</Filter>
    </ClCompile>
    <ClCompile Include="..\..\..\addons\ofxFilterLibrary\src\filters\SobelEdgeDetectionFilter.cpp">
      <Filter>addons\ofxFilter</Filter>
    </ClCompile>
    <ClCompile Include="..\..\..\addons\ofxFilterLibrary\src\filters\ThresholdedNonMaximumSuppressionFilter.cpp">
      <Filter>addons\ofxFilter</Filter>
    </ClCompile>
    <ClCompile Include="..\..\..\addons\ofxFilterLibrary\src\filters\TiltShiftFilter.cpp">
      <Filter>addons\ofxFilter</Filter>
    </ClCompile>
    <ClCompile Include="..\..\..\addons\ofxFilterLibrary\src\filters\ToonFilter.cpp">
      <Filter>addons\ofxFilter</Filter>
    </ClCompile>
    <ClCompile Include="..\..\..\addons\ofxFilterLibrary\src\filters\VignetteFilter.cpp">
      <Filter>addons\ofxFilter</Filter>
    </ClCompile>
    <ClCompile Include="..\..\..\addons\ofxFilterLibrary\src\filters\VoronoiFilter.cpp">
      <Filter>addons\ofxFilter</Filter>
    </ClCompile>
    <ClCompile Include="..\..\..\addons\ofxFilterLibrary\src\filters\XYDerivativeFilter.cpp">
      <Filter>addons\ofxFilter</Filter>
    </ClCompile>
    <ClCompile Include="..\..\..\addons\ofxFilterLibrary\src\filters\ZoomBlurFilter.cpp">
      <Filter>addons\ofxFilter</Filter>
    </ClCompile>
    <ClCompile Include="..\..\..\addons\ofxFilterLibrary\src\parameters\ParametricObject.cpp">
      <Filter>addons\ofxFilter</Filter>
    </ClCompile>
  </ItemGroup>
  <ItemGroup>
    <Filter Include="src">
      <UniqueIdentifier>{d8376475-7454-4a24-b08a-aac121d3ad6f}</UniqueIdentifier>
    </Filter>
    <Filter Include="addons">
      <UniqueIdentifier>{71834F65-F3A9-211E-73B8-DC85}</UniqueIdentifier>
    </Filter>
    <Filter Include="addons\ofxGui">
      <UniqueIdentifier>{4F2A59AF-5F4E-704B-D067-EC13}</UniqueIdentifier>
    </Filter>
    <Filter Include="addons\ofxGui\src">
      <UniqueIdentifier>{645E9533-4DCD-6179-1CDF-CB65}</UniqueIdentifier>
    </Filter>
    <Filter Include="addons\ofxOpenCv">
      <UniqueIdentifier>{FFA81411-43B9-BD99-75AF-1DC3}</UniqueIdentifier>
    </Filter>
    <Filter Include="addons\ofxOpenCv\src">
      <UniqueIdentifier>{00DE84A0-C30B-9800-5466-EA40}</UniqueIdentifier>
    </Filter>
    <Filter Include="addons\ofxOpenCv\libs">
      <UniqueIdentifier>{EFE72F22-7F5A-0F39-EC5E-1382}</UniqueIdentifier>
    </Filter>
    <Filter Include="addons\ofxOpenCv\libs\opencv">
      <UniqueIdentifier>{0391AB06-09E3-B0B3-3E3B-A02B}</UniqueIdentifier>
    </Filter>
    <Filter Include="addons\ofxOpenCv\libs\opencv\include">
      <UniqueIdentifier>{18BB18A3-47A8-9F08-1A3F-16FC}</UniqueIdentifier>
    </Filter>
    <Filter Include="addons\ofxOpenCv\libs\opencv\include\opencv">
      <UniqueIdentifier>{C867B0DE-B007-11B8-C182-5344}</UniqueIdentifier>
    </Filter>
    <Filter Include="addons\ofxOpenCv\libs\opencv\include\opencv2">
      <UniqueIdentifier>{BCD8ABD4-43E3-302D-A2D3-9FE1}</UniqueIdentifier>
    </Filter>
    <Filter Include="addons\ofxOpenCv\libs\opencv\include\opencv2\calib3d">
      <UniqueIdentifier>{E7CFFFA1-9DFA-D919-100C-FDAA}</UniqueIdentifier>
    </Filter>
    <Filter Include="addons\ofxOpenCv\libs\opencv\include\opencv2\contrib">
      <UniqueIdentifier>{776C25CB-CD33-75A7-DF99-B8C6}</UniqueIdentifier>
    </Filter>
    <Filter Include="addons\ofxOpenCv\libs\opencv\include\opencv2\core">
      <UniqueIdentifier>{2ABB36D0-FBE0-DD47-75A8-5882}</UniqueIdentifier>
    </Filter>
    <Filter Include="addons\ofxOpenCv\libs\opencv\include\opencv2\features2d">
      <UniqueIdentifier>{FFED61A2-DA84-E61F-DAA8-23D8}</UniqueIdentifier>
    </Filter>
    <Filter Include="addons\ofxOpenCv\libs\opencv\include\opencv2\flann">
      <UniqueIdentifier>{35E18472-D925-59BD-12EF-E1E6}</UniqueIdentifier>
    </Filter>
    <Filter Include="addons\ofxOpenCv\libs\opencv\include\opencv2\gpu">
      <UniqueIdentifier>{82D85C2C-89A0-69CF-61C4-9983}</UniqueIdentifier>
    </Filter>
    <Filter Include="addons\ofxOpenCv\libs\opencv\include\opencv2\highgui">
      <UniqueIdentifier>{C5146E31-2B8E-4299-4FB2-2347}</UniqueIdentifier>
    </Filter>
    <Filter Include="addons\ofxOpenCv\libs\opencv\include\opencv2\imgproc">
      <UniqueIdentifier>{E61CD652-51B9-BCE9-A2EB-3331}</UniqueIdentifier>
    </Filter>
    <Filter Include="addons\ofxOpenCv\libs\opencv\include\opencv2\legacy">
      <UniqueIdentifier>{4588FFD4-3240-6021-CF1C-66D1}</UniqueIdentifier>
    </Filter>
    <Filter Include="addons\ofxOpenCv\libs\opencv\include\opencv2\ml">
      <UniqueIdentifier>{C217A119-B337-C774-4EDA-1ACC}</UniqueIdentifier>
    </Filter>
    <Filter Include="addons\ofxOpenCv\libs\opencv\include\opencv2\objdetect">
      <UniqueIdentifier>{D1260DF5-DCB4-6729-CD66-ED90}</UniqueIdentifier>
    </Filter>
    <Filter Include="addons\ofxOpenCv\libs\opencv\include\opencv2\ts">
      <UniqueIdentifier>{AA1539ED-A548-EDA6-1094-37FD}</UniqueIdentifier>
    </Filter>
    <Filter Include="addons\ofxOpenCv\libs\opencv\include\opencv2\video">
      <UniqueIdentifier>{61E04F54-C77F-B674-C2AB-FEC2}</UniqueIdentifier>
    </Filter>
    <Filter Include="addons\ofxXmlSettings">
      <UniqueIdentifier>{877F005D-13E6-0592-1D97-F2E3}</UniqueIdentifier>
    </Filter>
    <Filter Include="addons\ofxXmlSettings\src">
      <UniqueIdentifier>{CCB2AC63-49D2-977C-CFE8-AEAD}</UniqueIdentifier>
    </Filter>
    <Filter Include="addons\ofxXmlSettings\libs">
      <UniqueIdentifier>{687714A8-1662-FA1C-261F-50F0}</UniqueIdentifier>
    </Filter>
    <Filter Include="addons\ofxBlobTracker">
      <UniqueIdentifier>{2FA34118-8B26-FD68-AD2F-2AF9}</UniqueIdentifier>
    </Filter>
    <Filter Include="addons\ofxBlobTracker\src">
      <UniqueIdentifier>{5C8A2232-0B0E-C23D-737D-F526}</UniqueIdentifier>
    </Filter>
    <Filter Include="addons\ofxContourAnalysis">
      <UniqueIdentifier>{b763fc3d-5751-4379-9ff1-1f464bed2116}</UniqueIdentifier>
    </Filter>
    <Filter Include="src\cloth">
      <UniqueIdentifier>{abb55ec2-a8bc-4f2a-8c64-9e764e45d2b4}</UniqueIdentifier>
    </Filter>
    <Filter Include="addons\ofxFilter">
      <UniqueIdentifier>{e1f9709e-9b21-4684-b5d8-5f76eab4fe1b}</UniqueIdentifier>
    </Filter>
  </ItemGroup>
  <ItemGroup>
    <ClInclude Include="src\ofApp.h">
      <Filter>src</Filter>
    </ClInclude>
    <ClInclude Include="src\ContourAnimator.h">
      <Filter>src</Filter>
    </ClInclude>
    <ClInclude Include="src\ContourManager.h">
      <Filter>src</Filter>
    </ClInclude>
    <ClInclude Include="src\ofApp.h">
      <Filter>src</Filter>
    </ClInclude>
    <ClInclude Include="..\..\..\addons\ofxGui\src\ofxBaseGui.h">
      <Filter>addons\ofxGui\src</Filter>
    </ClInclude>
    <ClInclude Include="..\..\..\addons\ofxGui\src\ofxButton.h">
      <Filter>addons\ofxGui\src</Filter>
    </ClInclude>
    <ClInclude Include="..\..\..\addons\ofxGui\src\ofxGui.h">
      <Filter>addons\ofxGui\src</Filter>
    </ClInclude>
    <ClInclude Include="..\..\..\addons\ofxGui\src\ofxGuiGroup.h">
      <Filter>addons\ofxGui\src</Filter>
    </ClInclude>
    <ClInclude Include="..\..\..\addons\ofxGui\src\ofxLabel.h">
      <Filter>addons\ofxGui\src</Filter>
    </ClInclude>
    <ClInclude Include="..\..\..\addons\ofxGui\src\ofxPanel.h">
      <Filter>addons\ofxGui\src</Filter>
    </ClInclude>
    <ClInclude Include="..\..\..\addons\ofxGui\src\ofxSlider.h">
      <Filter>addons\ofxGui\src</Filter>
    </ClInclude>
    <ClInclude Include="..\..\..\addons\ofxGui\src\ofxSliderGroup.h">
      <Filter>addons\ofxGui\src</Filter>
    </ClInclude>
    <ClInclude Include="..\..\..\addons\ofxGui\src\ofxToggle.h">
      <Filter>addons\ofxGui\src</Filter>
    </ClInclude>
    <ClInclude Include="..\..\..\addons\ofxOpenCv\src\ofxCvBlob.h">
      <Filter>addons\ofxOpenCv\src</Filter>
    </ClInclude>
    <ClInclude Include="..\..\..\addons\ofxOpenCv\src\ofxCvColorImage.h">
      <Filter>addons\ofxOpenCv\src</Filter>
    </ClInclude>
    <ClInclude Include="..\..\..\addons\ofxOpenCv\src\ofxCvConstants.h">
      <Filter>addons\ofxOpenCv\src</Filter>
    </ClInclude>
    <ClInclude Include="..\..\..\addons\ofxOpenCv\src\ofxCvContourFinder.h">
      <Filter>addons\ofxOpenCv\src</Filter>
    </ClInclude>
    <ClInclude Include="..\..\..\addons\ofxOpenCv\src\ofxCvFloatImage.h">
      <Filter>addons\ofxOpenCv\src</Filter>
    </ClInclude>
    <ClInclude Include="..\..\..\addons\ofxOpenCv\src\ofxCvGrayscaleImage.h">
      <Filter>addons\ofxOpenCv\src</Filter>
    </ClInclude>
    <ClInclude Include="..\..\..\addons\ofxOpenCv\src\ofxCvHaarFinder.h">
      <Filter>addons\ofxOpenCv\src</Filter>
    </ClInclude>
    <ClInclude Include="..\..\..\addons\ofxOpenCv\src\ofxCvImage.h">
      <Filter>addons\ofxOpenCv\src</Filter>
    </ClInclude>
    <ClInclude Include="..\..\..\addons\ofxOpenCv\src\ofxCvShortImage.h">
      <Filter>addons\ofxOpenCv\src</Filter>
    </ClInclude>
    <ClInclude Include="..\..\..\addons\ofxOpenCv\src\ofxOpenCv.h">
      <Filter>addons\ofxOpenCv\src</Filter>
    </ClInclude>
    <ClInclude Include="..\..\..\addons\ofxOpenCv\libs\opencv\include\opencv\cv.h">
      <Filter>addons\ofxOpenCv\libs\opencv\include\opencv</Filter>
    </ClInclude>
    <ClInclude Include="..\..\..\addons\ofxOpenCv\libs\opencv\include\opencv\cv.hpp">
      <Filter>addons\ofxOpenCv\libs\opencv\include\opencv</Filter>
    </ClInclude>
    <ClInclude Include="..\..\..\addons\ofxOpenCv\libs\opencv\include\opencv\cvaux.h">
      <Filter>addons\ofxOpenCv\libs\opencv\include\opencv</Filter>
    </ClInclude>
    <ClInclude Include="..\..\..\addons\ofxOpenCv\libs\opencv\include\opencv\cvaux.hpp">
      <Filter>addons\ofxOpenCv\libs\opencv\include\opencv</Filter>
    </ClInclude>
    <ClInclude Include="..\..\..\addons\ofxOpenCv\libs\opencv\include\opencv\cvwimage.h">
      <Filter>addons\ofxOpenCv\libs\opencv\include\opencv</Filter>
    </ClInclude>
    <ClInclude Include="..\..\..\addons\ofxOpenCv\libs\opencv\include\opencv\cxcore.h">
      <Filter>addons\ofxOpenCv\libs\opencv\include\opencv</Filter>
    </ClInclude>
    <ClInclude Include="..\..\..\addons\ofxOpenCv\libs\opencv\include\opencv\cxcore.hpp">
      <Filter>addons\ofxOpenCv\libs\opencv\include\opencv</Filter>
    </ClInclude>
    <ClInclude Include="..\..\..\addons\ofxOpenCv\libs\opencv\include\opencv\cxeigen.hpp">
      <Filter>addons\ofxOpenCv\libs\opencv\include\opencv</Filter>
    </ClInclude>
    <ClInclude Include="..\..\..\addons\ofxOpenCv\libs\opencv\include\opencv\cxmisc.h">
      <Filter>addons\ofxOpenCv\libs\opencv\include\opencv</Filter>
    </ClInclude>
    <ClInclude Include="..\..\..\addons\ofxOpenCv\libs\opencv\include\opencv\highgui.h">
      <Filter>addons\ofxOpenCv\libs\opencv\include\opencv</Filter>
    </ClInclude>
    <ClInclude Include="..\..\..\addons\ofxOpenCv\libs\opencv\include\opencv\ml.h">
      <Filter>addons\ofxOpenCv\libs\opencv\include\opencv</Filter>
    </ClInclude>
    <ClInclude Include="..\..\..\addons\ofxOpenCv\libs\opencv\include\opencv2\calib3d\calib3d.hpp">
      <Filter>addons\ofxOpenCv\libs\opencv\include\opencv2\calib3d</Filter>
    </ClInclude>
    <ClInclude Include="..\..\..\addons\ofxOpenCv\libs\opencv\include\opencv2\contrib\contrib.hpp">
      <Filter>addons\ofxOpenCv\libs\opencv\include\opencv2\contrib</Filter>
    </ClInclude>
    <ClInclude Include="..\..\..\addons\ofxOpenCv\libs\opencv\include\opencv2\contrib\retina.hpp">
      <Filter>addons\ofxOpenCv\libs\opencv\include\opencv2\contrib</Filter>
    </ClInclude>
    <ClInclude Include="..\..\..\addons\ofxOpenCv\libs\opencv\include\opencv2\core\core.hpp">
      <Filter>addons\ofxOpenCv\libs\opencv\include\opencv2\core</Filter>
    </ClInclude>
    <ClInclude Include="..\..\..\addons\ofxOpenCv\libs\opencv\include\opencv2\core\core_c.h">
      <Filter>addons\ofxOpenCv\libs\opencv\include\opencv2\core</Filter>
    </ClInclude>
    <ClInclude Include="..\..\..\addons\ofxOpenCv\libs\opencv\include\opencv2\core\eigen.hpp">
      <Filter>addons\ofxOpenCv\libs\opencv\include\opencv2\core</Filter>
    </ClInclude>
    <ClInclude Include="..\..\..\addons\ofxOpenCv\libs\opencv\include\opencv2\core\internal.hpp">
      <Filter>addons\ofxOpenCv\libs\opencv\include\opencv2\core</Filter>
    </ClInclude>
    <ClInclude Include="..\..\..\addons\ofxOpenCv\libs\opencv\include\opencv2\core\mat.hpp">
      <Filter>addons\ofxOpenCv\libs\opencv\include\opencv2\core</Filter>
    </ClInclude>
    <ClInclude Include="..\..\..\addons\ofxOpenCv\libs\opencv\include\opencv2\core\operations.hpp">
      <Filter>addons\ofxOpenCv\libs\opencv\include\opencv2\core</Filter>
    </ClInclude>
    <ClInclude Include="..\..\..\addons\ofxOpenCv\libs\opencv\include\opencv2\core\types_c.h">
      <Filter>addons\ofxOpenCv\libs\opencv\include\opencv2\core</Filter>
    </ClInclude>
    <ClInclude Include="..\..\..\addons\ofxOpenCv\libs\opencv\include\opencv2\core\version.hpp">
      <Filter>addons\ofxOpenCv\libs\opencv\include\opencv2\core</Filter>
    </ClInclude>
    <ClInclude Include="..\..\..\addons\ofxOpenCv\libs\opencv\include\opencv2\core\wimage.hpp">
      <Filter>addons\ofxOpenCv\libs\opencv\include\opencv2\core</Filter>
    </ClInclude>
    <ClInclude Include="..\..\..\addons\ofxOpenCv\libs\opencv\include\opencv2\features2d\features2d.hpp">
      <Filter>addons\ofxOpenCv\libs\opencv\include\opencv2\features2d</Filter>
    </ClInclude>
    <ClInclude Include="..\..\..\addons\ofxOpenCv\libs\opencv\include\opencv2\flann\allocator.h">
      <Filter>addons\ofxOpenCv\libs\opencv\include\opencv2\flann</Filter>
    </ClInclude>
    <ClInclude Include="..\..\..\addons\ofxOpenCv\libs\opencv\include\opencv2\flann\all_indices.h">
      <Filter>addons\ofxOpenCv\libs\opencv\include\opencv2\flann</Filter>
    </ClInclude>
    <ClInclude Include="..\..\..\addons\ofxOpenCv\libs\opencv\include\opencv2\flann\any.h">
      <Filter>addons\ofxOpenCv\libs\opencv\include\opencv2\flann</Filter>
    </ClInclude>
    <ClInclude Include="..\..\..\addons\ofxOpenCv\libs\opencv\include\opencv2\flann\autotuned_index.h">
      <Filter>addons\ofxOpenCv\libs\opencv\include\opencv2\flann</Filter>
    </ClInclude>
    <ClInclude Include="..\..\..\addons\ofxOpenCv\libs\opencv\include\opencv2\flann\composite_index.h">
      <Filter>addons\ofxOpenCv\libs\opencv\include\opencv2\flann</Filter>
    </ClInclude>
    <ClInclude Include="..\..\..\addons\ofxOpenCv\libs\opencv\include\opencv2\flann\config.h">
      <Filter>addons\ofxOpenCv\libs\opencv\include\opencv2\flann</Filter>
    </ClInclude>
    <ClInclude Include="..\..\..\addons\ofxOpenCv\libs\opencv\include\opencv2\flann\defines.h">
      <Filter>addons\ofxOpenCv\libs\opencv\include\opencv2\flann</Filter>
    </ClInclude>
    <ClInclude Include="..\..\..\addons\ofxOpenCv\libs\opencv\include\opencv2\flann\dist.h">
      <Filter>addons\ofxOpenCv\libs\opencv\include\opencv2\flann</Filter>
    </ClInclude>
    <ClInclude Include="..\..\..\addons\ofxOpenCv\libs\opencv\include\opencv2\flann\dummy.h">
      <Filter>addons\ofxOpenCv\libs\opencv\include\opencv2\flann</Filter>
    </ClInclude>
    <ClInclude Include="..\..\..\addons\ofxOpenCv\libs\opencv\include\opencv2\flann\dynamic_bitset.h">
      <Filter>addons\ofxOpenCv\libs\opencv\include\opencv2\flann</Filter>
    </ClInclude>
    <ClInclude Include="..\..\..\addons\ofxOpenCv\libs\opencv\include\opencv2\flann\flann.hpp">
      <Filter>addons\ofxOpenCv\libs\opencv\include\opencv2\flann</Filter>
    </ClInclude>
    <ClInclude Include="..\..\..\addons\ofxOpenCv\libs\opencv\include\opencv2\flann\flann_base.hpp">
      <Filter>addons\ofxOpenCv\libs\opencv\include\opencv2\flann</Filter>
    </ClInclude>
    <ClInclude Include="..\..\..\addons\ofxOpenCv\libs\opencv\include\opencv2\flann\general.h">
      <Filter>addons\ofxOpenCv\libs\opencv\include\opencv2\flann</Filter>
    </ClInclude>
    <ClInclude Include="..\..\..\addons\ofxOpenCv\libs\opencv\include\opencv2\flann\ground_truth.h">
      <Filter>addons\ofxOpenCv\libs\opencv\include\opencv2\flann</Filter>
    </ClInclude>
    <ClInclude Include="..\..\..\addons\ofxOpenCv\libs\opencv\include\opencv2\flann\hdf5.h">
      <Filter>addons\ofxOpenCv\libs\opencv\include\opencv2\flann</Filter>
    </ClInclude>
    <ClInclude Include="..\..\..\addons\ofxOpenCv\libs\opencv\include\opencv2\flann\heap.h">
      <Filter>addons\ofxOpenCv\libs\opencv\include\opencv2\flann</Filter>
    </ClInclude>
    <ClInclude Include="..\..\..\addons\ofxOpenCv\libs\opencv\include\opencv2\flann\hierarchical_clustering_index.h">
      <Filter>addons\ofxOpenCv\libs\opencv\include\opencv2\flann</Filter>
    </ClInclude>
    <ClInclude Include="..\..\..\addons\ofxOpenCv\libs\opencv\include\opencv2\flann\index_testing.h">
      <Filter>addons\ofxOpenCv\libs\opencv\include\opencv2\flann</Filter>
    </ClInclude>
    <ClInclude Include="..\..\..\addons\ofxOpenCv\libs\opencv\include\opencv2\flann\kdtree_index.h">
      <Filter>addons\ofxOpenCv\libs\opencv\include\opencv2\flann</Filter>
    </ClInclude>
    <ClInclude Include="..\..\..\addons\ofxOpenCv\libs\opencv\include\opencv2\flann\kdtree_single_index.h">
      <Filter>addons\ofxOpenCv\libs\opencv\include\opencv2\flann</Filter>
    </ClInclude>
    <ClInclude Include="..\..\..\addons\ofxOpenCv\libs\opencv\include\opencv2\flann\kmeans_index.h">
      <Filter>addons\ofxOpenCv\libs\opencv\include\opencv2\flann</Filter>
    </ClInclude>
    <ClInclude Include="..\..\..\addons\ofxOpenCv\libs\opencv\include\opencv2\flann\linear_index.h">
      <Filter>addons\ofxOpenCv\libs\opencv\include\opencv2\flann</Filter>
    </ClInclude>
    <ClInclude Include="..\..\..\addons\ofxOpenCv\libs\opencv\include\opencv2\flann\logger.h">
      <Filter>addons\ofxOpenCv\libs\opencv\include\opencv2\flann</Filter>
    </ClInclude>
    <ClInclude Include="..\..\..\addons\ofxOpenCv\libs\opencv\include\opencv2\flann\lsh_index.h">
      <Filter>addons\ofxOpenCv\libs\opencv\include\opencv2\flann</Filter>
    </ClInclude>
    <ClInclude Include="..\..\..\addons\ofxOpenCv\libs\opencv\include\opencv2\flann\lsh_table.h">
      <Filter>addons\ofxOpenCv\libs\opencv\include\opencv2\flann</Filter>
    </ClInclude>
    <ClInclude Include="..\..\..\addons\ofxOpenCv\libs\opencv\include\opencv2\flann\matrix.h">
      <Filter>addons\ofxOpenCv\libs\opencv\include\opencv2\flann</Filter>
    </ClInclude>
    <ClInclude Include="..\..\..\addons\ofxOpenCv\libs\opencv\include\opencv2\flann\miniflann.hpp">
      <Filter>addons\ofxOpenCv\libs\opencv\include\opencv2\flann</Filter>
    </ClInclude>
    <ClInclude Include="..\..\..\addons\ofxOpenCv\libs\opencv\include\opencv2\flann\nn_index.h">
      <Filter>addons\ofxOpenCv\libs\opencv\include\opencv2\flann</Filter>
    </ClInclude>
    <ClInclude Include="..\..\..\addons\ofxOpenCv\libs\opencv\include\opencv2\flann\object_factory.h">
      <Filter>addons\ofxOpenCv\libs\opencv\include\opencv2\flann</Filter>
    </ClInclude>
    <ClInclude Include="..\..\..\addons\ofxOpenCv\libs\opencv\include\opencv2\flann\params.h">
      <Filter>addons\ofxOpenCv\libs\opencv\include\opencv2\flann</Filter>
    </ClInclude>
    <ClInclude Include="..\..\..\addons\ofxOpenCv\libs\opencv\include\opencv2\flann\random.h">
      <Filter>addons\ofxOpenCv\libs\opencv\include\opencv2\flann</Filter>
    </ClInclude>
    <ClInclude Include="..\..\..\addons\ofxOpenCv\libs\opencv\include\opencv2\flann\result_set.h">
      <Filter>addons\ofxOpenCv\libs\opencv\include\opencv2\flann</Filter>
    </ClInclude>
    <ClInclude Include="..\..\..\addons\ofxOpenCv\libs\opencv\include\opencv2\flann\sampling.h">
      <Filter>addons\ofxOpenCv\libs\opencv\include\opencv2\flann</Filter>
    </ClInclude>
    <ClInclude Include="..\..\..\addons\ofxOpenCv\libs\opencv\include\opencv2\flann\saving.h">
      <Filter>addons\ofxOpenCv\libs\opencv\include\opencv2\flann</Filter>
    </ClInclude>
    <ClInclude Include="..\..\..\addons\ofxOpenCv\libs\opencv\include\opencv2\flann\simplex_downhill.h">
      <Filter>addons\ofxOpenCv\libs\opencv\include\opencv2\flann</Filter>
    </ClInclude>
    <ClInclude Include="..\..\..\addons\ofxOpenCv\libs\opencv\include\opencv2\flann\timer.h">
      <Filter>addons\ofxOpenCv\libs\opencv\include\opencv2\flann</Filter>
    </ClInclude>
    <ClInclude Include="..\..\..\addons\ofxOpenCv\libs\opencv\include\opencv2\gpu\devmem2d.hpp">
      <Filter>addons\ofxOpenCv\libs\opencv\include\opencv2\gpu</Filter>
    </ClInclude>
    <ClInclude Include="..\..\..\addons\ofxOpenCv\libs\opencv\include\opencv2\gpu\gpu.hpp">
      <Filter>addons\ofxOpenCv\libs\opencv\include\opencv2\gpu</Filter>
    </ClInclude>
    <ClInclude Include="..\..\..\addons\ofxOpenCv\libs\opencv\include\opencv2\gpu\gpumat.hpp">
      <Filter>addons\ofxOpenCv\libs\opencv\include\opencv2\gpu</Filter>
    </ClInclude>
    <ClInclude Include="..\..\..\addons\ofxOpenCv\libs\opencv\include\opencv2\gpu\matrix_operations.hpp">
      <Filter>addons\ofxOpenCv\libs\opencv\include\opencv2\gpu</Filter>
    </ClInclude>
    <ClInclude Include="..\..\..\addons\ofxOpenCv\libs\opencv\include\opencv2\gpu\stream_accessor.hpp">
      <Filter>addons\ofxOpenCv\libs\opencv\include\opencv2\gpu</Filter>
    </ClInclude>
    <ClInclude Include="..\..\..\addons\ofxOpenCv\libs\opencv\include\opencv2\highgui\highgui.hpp">
      <Filter>addons\ofxOpenCv\libs\opencv\include\opencv2\highgui</Filter>
    </ClInclude>
    <ClInclude Include="..\..\..\addons\ofxOpenCv\libs\opencv\include\opencv2\highgui\highgui_c.h">
      <Filter>addons\ofxOpenCv\libs\opencv\include\opencv2\highgui</Filter>
    </ClInclude>
    <ClInclude Include="..\..\..\addons\ofxOpenCv\libs\opencv\include\opencv2\imgproc\imgproc.hpp">
      <Filter>addons\ofxOpenCv\libs\opencv\include\opencv2\imgproc</Filter>
    </ClInclude>
    <ClInclude Include="..\..\..\addons\ofxOpenCv\libs\opencv\include\opencv2\imgproc\imgproc_c.h">
      <Filter>addons\ofxOpenCv\libs\opencv\include\opencv2\imgproc</Filter>
    </ClInclude>
    <ClInclude Include="..\..\..\addons\ofxOpenCv\libs\opencv\include\opencv2\imgproc\types_c.h">
      <Filter>addons\ofxOpenCv\libs\opencv\include\opencv2\imgproc</Filter>
    </ClInclude>
    <ClInclude Include="..\..\..\addons\ofxOpenCv\libs\opencv\include\opencv2\legacy\blobtrack.hpp">
      <Filter>addons\ofxOpenCv\libs\opencv\include\opencv2\legacy</Filter>
    </ClInclude>
    <ClInclude Include="..\..\..\addons\ofxOpenCv\libs\opencv\include\opencv2\legacy\compat.hpp">
      <Filter>addons\ofxOpenCv\libs\opencv\include\opencv2\legacy</Filter>
    </ClInclude>
    <ClInclude Include="..\..\..\addons\ofxOpenCv\libs\opencv\include\opencv2\legacy\legacy.hpp">
      <Filter>addons\ofxOpenCv\libs\opencv\include\opencv2\legacy</Filter>
    </ClInclude>
    <ClInclude Include="..\..\..\addons\ofxOpenCv\libs\opencv\include\opencv2\legacy\streams.hpp">
      <Filter>addons\ofxOpenCv\libs\opencv\include\opencv2\legacy</Filter>
    </ClInclude>
    <ClInclude Include="..\..\..\addons\ofxOpenCv\libs\opencv\include\opencv2\ml\ml.hpp">
      <Filter>addons\ofxOpenCv\libs\opencv\include\opencv2\ml</Filter>
    </ClInclude>
    <ClInclude Include="..\..\..\addons\ofxOpenCv\libs\opencv\include\opencv2\objdetect\objdetect.hpp">
      <Filter>addons\ofxOpenCv\libs\opencv\include\opencv2\objdetect</Filter>
    </ClInclude>
    <ClInclude Include="..\..\..\addons\ofxOpenCv\libs\opencv\include\opencv2\opencv.hpp">
      <Filter>addons\ofxOpenCv\libs\opencv\include\opencv2</Filter>
    </ClInclude>
    <ClInclude Include="..\..\..\addons\ofxOpenCv\libs\opencv\include\opencv2\ts\ts.hpp">
      <Filter>addons\ofxOpenCv\libs\opencv\include\opencv2\ts</Filter>
    </ClInclude>
    <ClInclude Include="..\..\..\addons\ofxOpenCv\libs\opencv\include\opencv2\ts\ts_gtest.h">
      <Filter>addons\ofxOpenCv\libs\opencv\include\opencv2\ts</Filter>
    </ClInclude>
    <ClInclude Include="..\..\..\addons\ofxOpenCv\libs\opencv\include\opencv2\video\background_segm.hpp">
      <Filter>addons\ofxOpenCv\libs\opencv\include\opencv2\video</Filter>
    </ClInclude>
    <ClInclude Include="..\..\..\addons\ofxOpenCv\libs\opencv\include\opencv2\video\tracking.hpp">
      <Filter>addons\ofxOpenCv\libs\opencv\include\opencv2\video</Filter>
    </ClInclude>
    <ClInclude Include="..\..\..\addons\ofxOpenCv\libs\opencv\include\opencv2\video\video.hpp">
      <Filter>addons\ofxOpenCv\libs\opencv\include\opencv2\video</Filter>
    </ClInclude>
    <ClInclude Include="..\..\..\addons\ofxXmlSettings\src\ofxXmlSettings.h">
      <Filter>addons\ofxXmlSettings\src</Filter>
    </ClInclude>
    <ClInclude Include="..\..\..\addons\ofxXmlSettings\libs\tinyxml.h">
      <Filter>addons\ofxXmlSettings\libs</Filter>
    </ClInclude>
    <ClInclude Include="..\..\..\addons\ofxBlobTracker\src\ofxBlob.h">
      <Filter>addons\ofxBlobTracker\src</Filter>
    </ClInclude>
    <ClInclude Include="..\..\..\addons\ofxBlobTracker\src\ofxBlobTracker.h">
      <Filter>addons\ofxBlobTracker\src</Filter>
    </ClInclude>
    <ClInclude Include="..\..\..\addons\ofxBlobTracker\src\ofxContourFinder.h">
      <Filter>addons\ofxBlobTracker\src</Filter>
    </ClInclude>
    <ClInclude Include="..\..\..\addons\ofxContourAnalysis\convexHull.h">
      <Filter>addons\ofxContourAnalysis</Filter>
    </ClInclude>
    <ClInclude Include="..\..\..\addons\ofxContourAnalysis\ofxContourAnalysis.h">
      <Filter>addons\ofxContourAnalysis</Filter>
    </ClInclude>
    <ClInclude Include="..\..\..\addons\ofxContourAnalysis\ofxContourAnalysisConstants.h">
      <Filter>addons\ofxContourAnalysis</Filter>
    </ClInclude>
    <ClInclude Include="..\..\..\addons\ofxContourAnalysis\polylineSimplify.h">
      <Filter>addons\ofxContourAnalysis</Filter>
    </ClInclude>
    <ClInclude Include="src\ShaderMask.h">
      <Filter>src</Filter>
    </ClInclude>
    <ClInclude Include="src\cloth\ofxKCloth.h">
      <Filter>src\cloth</Filter>
    </ClInclude>
    <ClInclude Include="src\cloth\ofxKMesh.h">
      <Filter>src\cloth</Filter>
    </ClInclude>
    <ClInclude Include="..\..\..\addons\ofxFilterLibrary\src\filters\Abstract3x3ConvolutionFilter.h">
      <Filter>addons\ofxFilter</Filter>
    </ClInclude>
    <ClInclude Include="..\..\..\addons\ofxFilterLibrary\src\filters\Abstract3x3PingPongFilter.h">
      <Filter>addons\ofxFilter</Filter>
    </ClInclude>
    <ClInclude Include="..\..\..\addons\ofxFilterLibrary\src\filters\Abstract3x3TextureSamplingFilter.h">
      <Filter>addons\ofxFilter</Filter>
    </ClInclude>
    <ClInclude Include="..\..\..\addons\ofxFilterLibrary\src\filters\AbstractDoGFilter.h">
      <Filter>addons\ofxFilter</Filter>
    </ClInclude>
    <ClInclude Include="..\..\..\addons\ofxFilterLibrary\src\filters\AbstractFilter.h">
      <Filter>addons\ofxFilter</Filter>
    </ClInclude>
    <ClInclude Include="..\..\..\addons\ofxFilterLibrary\src\filters\AbstractPingPongRenderer.h">
      <Filter>addons\ofxFilter</Filter>
    </ClInclude>
    <ClInclude Include="..\..\..\addons\ofxFilterLibrary\src\filters\AbstractTwoInputCrossTextureSamplingFilter.h">
      <Filter>addons\ofxFilter</Filter>
    </ClInclude>
    <ClInclude Include="..\..\..\addons\ofxFilterLibrary\src\filters\AbstractTwoInputFilter.h">
      <Filter>addons\ofxFilter</Filter>
    </ClInclude>
    <ClInclude Include="..\..\..\addons\ofxFilterLibrary\src\filters\AdditiveBlendFilter.h">
      <Filter>addons\ofxFilter</Filter>
    </ClInclude>
    <ClInclude Include="..\..\..\addons\ofxFilterLibrary\src\filters\AlphaBlendFilter.h">
      <Filter>addons\ofxFilter</Filter>
    </ClInclude>
    <ClInclude Include="..\..\..\addons\ofxFilterLibrary\src\filters\AverageColorFilter.h">
      <Filter>addons\ofxFilter</Filter>
    </ClInclude>
    <ClInclude Include="..\..\..\addons\ofxFilterLibrary\src\filters\BilateralFilter.h">
      <Filter>addons\ofxFilter</Filter>
    </ClInclude>
    <ClInclude Include="..\..\..\addons\ofxFilterLibrary\src\filters\BrightnessFilter.h">
      <Filter>addons\ofxFilter</Filter>
    </ClInclude>
    <ClInclude Include="..\..\..\addons\ofxFilterLibrary\src\filters\CGAColorspaceFilter.h">
      <Filter>addons\ofxFilter</Filter>
    </ClInclude>
    <ClInclude Include="..\..\..\addons\ofxFilterLibrary\src\filters\ColorBlendFilter.h">
      <Filter>addons\ofxFilter</Filter>
    </ClInclude>
    <ClInclude Include="..\..\..\addons\ofxFilterLibrary\src\filters\ColorBurnFilter.h">
      <Filter>addons\ofxFilter</Filter>
    </ClInclude>
    <ClInclude Include="..\..\..\addons\ofxFilterLibrary\src\filters\ColorMatrixFilter.h">
      <Filter>addons\ofxFilter</Filter>
    </ClInclude>
    <ClInclude Include="..\..\..\addons\ofxFilterLibrary\src\filters\ColorPackingFilter.h">
      <Filter>addons\ofxFilter</Filter>
    </ClInclude>
    <ClInclude Include="..\..\..\addons\ofxFilterLibrary\src\filters\ColorReplacementFilter.h">
      <Filter>addons\ofxFilter</Filter>
    </ClInclude>
    <ClInclude Include="..\..\..\addons\ofxFilterLibrary\src\filters\ContrastFilter.h">
      <Filter>addons\ofxFilter</Filter>
    </ClInclude>
    <ClInclude Include="..\..\..\addons\ofxFilterLibrary\src\filters\CornerDetectionFilter.h">
      <Filter>addons\ofxFilter</Filter>
    </ClInclude>
    <ClInclude Include="..\..\..\addons\ofxFilterLibrary\src\filters\CrosshatchFilter.h">
      <Filter>addons\ofxFilter</Filter>
    </ClInclude>
    <ClInclude Include="..\..\..\addons\ofxFilterLibrary\src\filters\DarkenBlendFilter.h">
      <Filter>addons\ofxFilter</Filter>
    </ClInclude>
    <ClInclude Include="..\..\..\addons\ofxFilterLibrary\src\filters\DilationFilter.h">
      <Filter>addons\ofxFilter</Filter>
    </ClInclude>
    <ClInclude Include="..\..\..\addons\ofxFilterLibrary\src\filters\DirectionalDoGFilter.h">
      <Filter>addons\ofxFilter</Filter>
    </ClInclude>
    <ClInclude Include="..\..\..\addons\ofxFilterLibrary\src\filters\DisplacementFilter.h">
      <Filter>addons\ofxFilter</Filter>
    </ClInclude>
    <ClInclude Include="..\..\..\addons\ofxFilterLibrary\src\filters\DissolveBlendFilter.h">
      <Filter>addons\ofxFilter</Filter>
    </ClInclude>
    <ClInclude Include="..\..\..\addons\ofxFilterLibrary\src\filters\DoGFilter.h">
      <Filter>addons\ofxFilter</Filter>
    </ClInclude>
    <ClInclude Include="..\..\..\addons\ofxFilterLibrary\src\filters\EdgeTangentFilter.h">
      <Filter>addons\ofxFilter</Filter>
    </ClInclude>
    <ClInclude Include="..\..\..\addons\ofxFilterLibrary\src\filters\EdgeTangentSmoothingFilter.h">
      <Filter>addons\ofxFilter</Filter>
    </ClInclude>
    <ClInclude Include="..\..\..\addons\ofxFilterLibrary\src\filters\EmbossFilter.h">
      <Filter>addons\ofxFilter</Filter>
    </ClInclude>
    <ClInclude Include="..\..\..\addons\ofxFilterLibrary\src\filters\ErosionFilter.h">
      <Filter>addons\ofxFilter</Filter>
    </ClInclude>
    <ClInclude Include="..\..\..\addons\ofxFilterLibrary\src\filters\ExclusionBlendFilter.h">
      <Filter>addons\ofxFilter</Filter>
    </ClInclude>
    <ClInclude Include="..\..\..\addons\ofxFilterLibrary\src\filters\FilterChain.h">
      <Filter>addons\ofxFilter</Filter>
    </ClInclude>
    <ClInclude Include="..\..\..\addons\ofxFilterLibrary\src\filters\FlowDoGFilter.h">
      <Filter>addons\ofxFilter</Filter>
    </ClInclude>
    <ClInclude Include="..\..\..\addons\ofxFilterLibrary\src\filters\GammaFilter.h">
      <Filter>addons\ofxFilter</Filter>
    </ClInclude>
    <ClInclude Include="..\..\..\addons\ofxFilterLibrary\src\filters\GaussianBlurFilter.h">
      <Filter>addons\ofxFilter</Filter>
    </ClInclude>
    <ClInclude Include="..\..\..\addons\ofxFilterLibrary\src\filters\GradientMapFilter.h">
      <Filter>addons\ofxFilter</Filter>
    </ClInclude>
    <ClInclude Include="..\..\..\addons\ofxFilterLibrary\src\filters\GrayscaleFilter.h">
      <Filter>addons\ofxFilter</Filter>
    </ClInclude>
    <ClInclude Include="..\..\..\addons\ofxFilterLibrary\src\filters\HalftoneFilter.h">
      <Filter>addons\ofxFilter</Filter>
    </ClInclude>
    <ClInclude Include="..\..\..\addons\ofxFilterLibrary\src\filters\HarrisCornerDetectionFilter.h">
      <Filter>addons\ofxFilter</Filter>
    </ClInclude>
    <ClInclude Include="..\..\..\addons\ofxFilterLibrary\src\filters\HueFilter.h">
      <Filter>addons\ofxFilter</Filter>
    </ClInclude>
    <ClInclude Include="..\..\..\addons\ofxFilterLibrary\src\filters\KuwaharaFilter.h">
      <Filter>addons\ofxFilter</Filter>
    </ClInclude>
    <ClInclude Include="..\..\..\addons\ofxFilterLibrary\src\filters\LaplacianFilter.h">
      <Filter>addons\ofxFilter</Filter>
    </ClInclude>
    <ClInclude Include="..\..\..\addons\ofxFilterLibrary\src\filters\LookupFilter.h">
      <Filter>addons\ofxFilter</Filter>
    </ClInclude>
    <ClInclude Include="..\..\..\addons\ofxFilterLibrary\src\filters\LowPassFilter.h">
      <Filter>addons\ofxFilter</Filter>
    </ClInclude>
    <ClInclude Include="..\..\..\addons\ofxFilterLibrary\src\filters\MotionDetectionFilter.h">
      <Filter>addons\ofxFilter</Filter>
    </ClInclude>
    <ClInclude Include="..\..\..\addons\ofxFilterLibrary\src\filters\MultiplyBlendFilter.h">
      <Filter>addons\ofxFilter</Filter>
    </ClInclude>
    <ClInclude Include="..\..\..\addons\ofxFilterLibrary\src\filters\NormalBlendFilter.h">
      <Filter>addons\ofxFilter</Filter>
    </ClInclude>
    <ClInclude Include="..\..\..\addons\ofxFilterLibrary\src\filters\PerlinNoiseFilter.h">
      <Filter>addons\ofxFilter</Filter>
    </ClInclude>
    <ClInclude Include="..\..\..\addons\ofxFilterLibrary\src\filters\PerlinPixellationFilter.h">
      <Filter>addons\ofxFilter</Filter>
    </ClInclude>
    <ClInclude Include="..\..\..\addons\ofxFilterLibrary\src\filters\PixelateFilter.h">
      <Filter>addons\ofxFilter</Filter>
    </ClInclude>
    <ClInclude Include="..\..\..\addons\ofxFilterLibrary\src\filters\PoissonBlendFilter.h">
      <Filter>addons\ofxFilter</Filter>
    </ClInclude>
    <ClInclude Include="..\..\..\addons\ofxFilterLibrary\src\filters\PosterizeFilter.h">
      <Filter>addons\ofxFilter</Filter>
    </ClInclude>
    <ClInclude Include="..\..\..\addons\ofxFilterLibrary\src\filters\SaturationFilter.h">
      <Filter>addons\ofxFilter</Filter>
    </ClInclude>
    <ClInclude Include="..\..\..\addons\ofxFilterLibrary\src\filters\SketchFilter.h">
      <Filter>addons\ofxFilter</Filter>
    </ClInclude>
    <ClInclude Include="..\..\..\addons\ofxFilterLibrary\src\filters\SmoothToonFilter.h">
      <Filter>addons\ofxFilter</Filter>
    </ClInclude>
    <ClInclude Include="..\..\..\addons\ofxFilterLibrary\src\filters\SobelEdgeDetectionFilter.h">
      <Filter>addons\ofxFilter</Filter>
    </ClInclude>
    <ClInclude Include="..\..\..\addons\ofxFilterLibrary\src\filters\ThresholdedNonMaximumSuppressionFilter.h">
      <Filter>addons\ofxFilter</Filter>
    </ClInclude>
    <ClInclude Include="..\..\..\addons\ofxFilterLibrary\src\filters\TiltShiftFilter.h">
      <Filter>addons\ofxFilter</Filter>
    </ClInclude>
    <ClInclude Include="..\..\..\addons\ofxFilterLibrary\src\filters\ToonFilter.h">
      <Filter>addons\ofxFilter</Filter>
    </ClInclude>
    <ClInclude Include="..\..\..\addons\ofxFilterLibrary\src\filters\VignetteFilter.h">
      <Filter>addons\ofxFilter</Filter>
    </ClInclude>
    <ClInclude Include="..\..\..\addons\ofxFilterLibrary\src\filters\VoronoiFilter.h">
      <Filter>addons\ofxFilter</Filter>
    </ClInclude>
    <ClInclude Include="..\..\..\addons\ofxFilterLibrary\src\filters\XYDerivativeFilter.h">
      <Filter>addons\ofxFilter</Filter>
    </ClInclude>
    <ClInclude Include="..\..\..\addons\ofxFilterLibrary\src\filters\ZoomBlurFilter.h">
      <Filter>addons\ofxFilter</Filter>
    </ClInclude>
    <ClInclude Include="..\..\..\addons\ofxFilterLibrary\src\ofxFilterLibrary.h">
      <Filter>addons\ofxFilter</Filter>
    </ClInclude>
    <ClInclude Include="..\..\..\addons\ofxFilterLibrary\src\parameters\AbstractParameter.h">
      <Filter>addons\ofxFilter</Filter>
    </ClInclude>
    <ClInclude Include="..\..\..\addons\ofxFilterLibrary\src\parameters\Parameter2f.h">
      <Filter>addons\ofxFilter</Filter>
    </ClInclude>
    <ClInclude Include="..\..\..\addons\ofxFilterLibrary\src\parameters\Parameter2fv.h">
      <Filter>addons\ofxFilter</Filter>
    </ClInclude>
    <ClInclude Include="..\..\..\addons\ofxFilterLibrary\src\parameters\Parameter3f.h">
      <Filter>addons\ofxFilter</Filter>
    </ClInclude>
    <ClInclude Include="..\..\..\addons\ofxFilterLibrary\src\parameters\Parameter3fv.h">
      <Filter>addons\ofxFilter</Filter>
    </ClInclude>
    <ClInclude Include="..\..\..\addons\ofxFilterLibrary\src\parameters\Parameter4f.h">
      <Filter>addons\ofxFilter</Filter>
    </ClInclude>
    <ClInclude Include="..\..\..\addons\ofxFilterLibrary\src\parameters\ParameterF.h">
      <Filter>addons\ofxFilter</Filter>
    </ClInclude>
    <ClInclude Include="..\..\..\addons\ofxFilterLibrary\src\parameters\ParameterI.h">
      <Filter>addons\ofxFilter</Filter>
    </ClInclude>
    <ClInclude Include="..\..\..\addons\ofxFilterLibrary\src\parameters\ParameterMatrix4f.h">
      <Filter>addons\ofxFilter</Filter>
    </ClInclude>
    <ClInclude Include="..\..\..\addons\ofxFilterLibrary\src\parameters\ParameterT.h">
      <Filter>addons\ofxFilter</Filter>
    </ClInclude>
    <ClInclude Include="..\..\..\addons\ofxFilterLibrary\src\parameters\ParameterV.h">
      <Filter>addons\ofxFilter</Filter>
    </ClInclude>
    <ClInclude Include="..\..\..\addons\ofxFilterLibrary\src\parameters\ParametricObject.h">
      <Filter>addons\ofxFilter</Filter>
    </ClInclude>
  </ItemGroup>
  <ItemGroup>
    <ResourceCompile Include="icon.rc" />
  </ItemGroup>
</Project>